github.com/beevik/go6502 v0.3.0 h1:1Gsf1VZjZapXcQbrIzgnqHCPy9+4QuaUNZKyCVBGISY=
github.com/beevik/go6502 v0.3.0/go.mod h1:RnOLF4I+55D4QsUn0BQK1Sy40dtjco/XHC+iI82IBU0=
github.com/google/go-cmp v0.7.0 h1:wk8382ETsv4JYUZwIsn6YpYiWiBsYLSJiTsyBybVuN8=
github.com/google/go-cmp v0.7.0/go.mod h1:pXiqmnSA92OHEEa9HXL2W4E7lf9JzCmGVUdgjX3N/iU=
github.com/koron-go/z80 v0.10.2 h1:WDv01O98uV00yD775QBqEfTvOOj1aqk3czEY5esw+8Q=
github.com/koron-go/z80 v0.10.2/go.mod h1:kD1eb/awF8uNfDBxwVJfw1W/d9SJrw7QCAdya5Ig2Hc=
github.com/mrcook/smstilemap v0.0.0-20240412143529-179ce659ae71 h1:RVrN0qPM7wNmJbhZlAZHwUBQCOlGlcOvX0z20BhzZ98=
github.com/mrcook/smstilemap v0.0.0-20240412143529-179ce659ae71/go.mod h1:1kK9IZW3P/A0UGPqQKMNS4VCmcfL/t68wzPcf/Wt1tk=
github.com/user-none/go-chip-sn76489 v0.0.0-20260309231832-eec93e7fc417 h1:5SrVDSN4mP57WKe5NcY6805gDBsq8lYAkyts7gYzRIg=
github.com/user-none/go-chip-sn76489 v0.0.0-20260309231832-eec93e7fc417/go.mod h1:WJdKIGKYMXS8F4eDTaHoG44+l5b1Bm5JDksdAPhDGf0=
